
Microsoft Visual Studio Solution File, Format Version 12.00
Project("{FAE04EC0-301F-11D3-BF4B-00C04F79EFBC}") = "SerbleGames.Backend", "SerbleGames.Backend\SerbleGames.Backend.csproj", "{E7E1D53A-F400-48AB-BE16-F8F47F54D961}"
EndProject
Project("{FAE04EC0-301F-11D3-BF4B-00C04F79EFBC}") = "SerbleGames.Client", "SerbleGames.Client\SerbleGames.Client.csproj", "{A39BEF4C-1890-4FE3-8F8D-13AE5F0B3154}"
EndProject
Project("{FAE04EC0-301F-11D3-BF4B-00C04F79EFBC}") = "SerbleGames.Client.Test", "SerbleGames.Client.Test\SerbleGames.Client.Test.csproj", "{FEE8EFF6-9944-47CD-A93F-FDCA6066D622}"
EndProject
Global
	GlobalSection(SolutionConfigurationPlatforms) = preSolution
		Debug|Any CPU = Debug|Any CPU
		Debug|x64 = Debug|x64
		Debug|x86 = Debug|x86
		Release|Any CPU = Release|Any CPU
		Release|x64 = Release|x64
		Release|x86 = Release|x86
	EndGlobalSection
	GlobalSection(ProjectConfigurationPlatforms) = postSolution
		{E7E1D53A-F400-48AB-BE16-F8F47F54D961}.Debug|Any CPU.ActiveCfg = Debug|Any CPU
		{E7E1D53A-F400-48AB-BE16-F8F47F54D961}.Debug|Any CPU.Build.0 = Debug|Any CPU
		{E7E1D53A-F400-48AB-BE16-F8F47F54D961}.Debug|x64.ActiveCfg = Debug|Any CPU
		{E7E1D53A-F400-48AB-BE16-F8F47F54D961}.Debug|x64.Build.0 = Debug|Any CPU
		{E7E1D53A-F400-48AB-BE16-F8F47F54D961}.Debug|x86.ActiveCfg = Debug|Any CPU
		{E7E1D53A-F400-48AB-BE16-F8F47F54D961}.Debug|x86.Build.0 = Debug|Any CPU
		{E7E1D53A-F400-48AB-BE16-F8F47F54D961}.Release|Any CPU.ActiveCfg = Release|Any CPU
		{E7E1D53A-F400-48AB-BE16-F8F47F54D961}.Release|Any CPU.Build.0 = Release|Any CPU
		{E7E1D53A-F400-48AB-BE16-F8F47F54D961}.Release|x64.ActiveCfg = Release|Any CPU
		{E7E1D53A-F400-48AB-BE16-F8F47F54D961}.Release|x64.Build.0 = Release|Any CPU
		{E7E1D53A-F400-48AB-BE16-F8F47F54D961}.Release|x86.ActiveCfg = Release|Any CPU
		{E7E1D53A-F400-48AB-BE16-F8F47F54D961}.Release|x86.Build.0 = Release|Any CPU
		{A39BEF4C-1890-4FE3-8F8D-13AE5F0B3154}.Debug|Any CPU.ActiveCfg = Debug|Any CPU
		{A39BEF4C-1890-4FE3-8F8D-13AE5F0B3154}.Debug|Any CPU.Build.0 = Debug|Any CPU
		{A39BEF4C-1890-4FE3-8F8D-13AE5F0B3154}.Debug|x64.ActiveCfg = Debug|Any CPU
		{A39BEF4C-1890-4FE3-8F8D-13AE5F0B3154}.Debug|x64.Build.0 = Debug|Any CPU
		{A39BEF4C-1890-4FE3-8F8D-13AE5F0B3154}.Debug|x86.ActiveCfg = Debug|Any CPU
		{A39BEF4C-1890-4FE3-8F8D-13AE5F0B3154}.Debug|x86.Build.0 = Debug|Any CPU
		{A39BEF4C-1890-4FE3-8F8D-13AE5F0B3154}.Release|Any CPU.ActiveCfg = Release|Any CPU
		{A39BEF4C-1890-4FE3-8F8D-13AE5F0B3154}.Release|Any CPU.Build.0 = Release|Any CPU
		{A39BEF4C-1890-4FE3-8F8D-13AE5F0B3154}.Release|x64.ActiveCfg = Release|Any CPU
		{A39BEF4C-1890-4FE3-8F8D-13AE5F0B3154}.Release|x64.Build.0 = Release|Any CPU
		{A39BEF4C-1890-4FE3-8F8D-13AE5F0B3154}.Release|x86.ActiveCfg = Release|Any CPU
		{A39BEF4C-1890-4FE3-8F8D-13AE5F0B3154}.Release|x86.Build.0 = Release|Any CPU
		{FEE8EFF6-9944-47CD-A93F-FDCA6066D622}.Debug|Any CPU.ActiveCfg = Debug|Any CPU
		{FEE8EFF6-9944-47CD-A93F-FDCA6066D622}.Debug|Any CPU.Build.0 = Debug|Any CPU
		{FEE8EFF6-9944-47CD-A93F-FDCA6066D622}.Debug|x64.ActiveCfg = Debug|Any CPU
		{FEE8EFF6-9944-47CD-A93F-FDCA6066D622}.Debug|x64.Build.0 = Debug|Any CPU
		{FEE8EFF6-9944-47CD-A93F-FDCA6066D622}.Debug|x86.ActiveCfg = Debug|Any CPU
		{FEE8EFF6-9944-47CD-A93F-FDCA6066D622}.Debug|x86.Build.0 = Debug|Any CPU
		{FEE8EFF6-9944-47CD-A93F-FDCA6066D622}.Release|Any CPU.ActiveCfg = Release|Any CPU
		{FEE8EFF6-9944-47CD-A93F-FDCA6066D622}.Release|Any CPU.Build.0 = Release|Any CPU
		{FEE8EFF6-9944-47CD-A93F-FDCA6066D622}.Release|x64.ActiveCfg = Release|Any CPU
		{FEE8EFF6-9944-47CD-A93F-FDCA6066D622}.Release|x64.Build.0 = Release|Any CPU
		{FEE8EFF6-9944-47CD-A93F-FDCA6066D622}.Release|x86.ActiveCfg = Release|Any CPU
		{FEE8EFF6-9944-47CD-A93F-FDCA6066D622}.Release|x86.Build.0 = Release|Any CPU
	EndGlobalSection
	GlobalSection(SolutionProperties) = preSolution
		HideSolutionNode = FALSE
	EndGlobalSection
EndGlobal
